
Microsoft Visual Studio Solution File, Format Version 12.00
# Visual Studio 15
VisualStudioVersion = 15.0.27428.2037
MinimumVisualStudioVersion = 10.0.40219.1
Project("{FAE04EC0-301F-11D3-BF4B-00C04F79EFBC}") = "AdvCalc", "AdvCalc\AdvCalc.csproj", "{9CC58A54-954D-40C7-A940-6D9EEF45076C}"
EndProject
Global
	GlobalSection(SolutionConfigurationPlatforms) = preSolution
		Debug|Any CPU = Debug|Any CPU
		Release|Any CPU = Release|Any CPU
	EndGlobalSection
	GlobalSection(ProjectConfigurationPlatforms) = postSolution
		{9CC58A54-954D-40C7-A940-6D9EEF45076C}.Debug|Any CPU.ActiveCfg = Debug|Any CPU
		{9CC58A54-954D-40C7-A940-6D9EEF45076C}.Debug|Any CPU.Build.0 = Debug|Any CPU
		{9CC58A54-954D-40C7-A940-6D9EEF45076C}.Release|Any CPU.ActiveCfg = Release|Any CPU
		{9CC58A54-954D-40C7-A940-6D9EEF45076C}.Release|Any CPU.Build.0 = Release|Any CPU
	EndGlobalSection
	GlobalSection(SolutionProperties) = preSolution
		HideSolutionNode = FALSE
	EndGlobalSection
	GlobalSection(ExtensibilityGlobals) = postSolution
		SolutionGuid = {DA34F48D-D5CA-4725-85F3-5F046644389B}
	EndGlobalSection
EndGlobal
